
Microsoft Visual Studio Solution File, Format Version 12.00
# Visual Studio Version 17
VisualStudioVersion = 17.1.31903.286
MinimumVisualStudioVersion = 10.0.40219.1
Project("{9A19103F-16F7-4668-BE54-9A1E7A4F7556}") = "DigitalerKassenBonPwa", "DigitalerKassenBonPwa\DigitalerKassenBonPwa.csproj", "{17FFD010-442D-4BB7-9271-0A1DDD8FF1FE}"
EndProject
Global
	GlobalSection(SolutionConfigurationPlatforms) = preSolution
		Debug|Any CPU = Debug|Any CPU
		Release|Any CPU = Release|Any CPU
	EndGlobalSection
	GlobalSection(ProjectConfigurationPlatforms) = postSolution
		{17FFD010-442D-4BB7-9271-0A1DDD8FF1FE}.Debug|Any CPU.ActiveCfg = Debug|Any CPU
		{17FFD010-442D-4BB7-9271-0A1DDD8FF1FE}.Debug|Any CPU.Build.0 = Debug|Any CPU
		{17FFD010-442D-4BB7-9271-0A1DDD8FF1FE}.Release|Any CPU.ActiveCfg = Release|Any CPU
		{17FFD010-442D-4BB7-9271-0A1DDD8FF1FE}.Release|Any CPU.Build.0 = Release|Any CPU
	EndGlobalSection
	GlobalSection(SolutionProperties) = preSolution
		HideSolutionNode = FALSE
	EndGlobalSection
	GlobalSection(ExtensibilityGlobals) = postSolution
		SolutionGuid = {862885B8-BB84-4CC9-BCC1-0C1EFF283A1B}
	EndGlobalSection
EndGlobal
